{
  "requires": true,
  "lockfileVersion": 1,
  "dependencies": {
    "element-closest": {
      "version": "1.0.2",
      "resolved": "https://registry.npmjs.org/element-closest/-/element-closest-1.0.2.tgz",
      "integrity": "sha1-r34hLyyHTguGqAmTN0ous2DLN8w="
    },
    "object-fit": {
      "version": "0.4.3",
      "resolved": "https://registry.npmjs.org/object-fit/-/object-fit-0.4.3.tgz",
      "integrity": "sha1-enxQzmTX5sylT0JjIlup7gxz6dg=",
      "requires": {
        "element-closest": "1.0.2",
        "raf.js": "0.0.4"
      }
    },
    "raf.js": {
      "version": "0.0.4",
      "resolved": "https://registry.npmjs.org/raf.js/-/raf.js-0.0.4.tgz",
      "integrity": "sha1-8Vr0RdJBsn+nExpXRQtn75xAL+w="
    }
  }
}
